// !$*UTF8*$!
{
	archiveVersion = 1;
	classes = {
	};
	objectVersion = 46;
	objects = {

/* Begin PBXBuildFile section */
		D5AAAAEB1B2F1AFD00914C58 /* MasterOpenGL01.cpp in Sources */ = {isa = PBXBuildFile; fileRef = D5AAAAEA1B2F1AFD00914C58 /* MasterOpenGL01.cpp */; };
/* End PBXBuildFile section */

/* Begin PBXCopyFilesBuildPhase section */
		D5AAAAE51B2F1AFD00914C58 /* CopyFiles */ = {
			isa = PBXCopyFilesBuildPhase;
			buildActionMask = 2147483647;
			dstPath = /usr/share/man/man1/;
			dstSubfolderSpec = 0;
			files = (
			);
			runOnlyForDeploymentPostprocessing = 1;
		};
/* End PBXCopyFilesBuildPhase section */

/* Begin PBXFileReference section */
		D5AAAAE71B2F1AFD00914C58 /* MasterOpenGL01 */ = {isa = PBXFileReference; explicitFileType = "compiled.mach-o.executable"; includeInIndex = 0; path = MasterOpenGL01; sourceTree = BUILT_PRODUCTS_DIR; };
		D5AAAAEA1B2F1AFD00914C58 /* MasterOpenGL01.cpp */ = {isa = PBXFileReference; lastKnownFileType = sourcecode.cpp.cpp; path = MasterOpenGL01.cpp; sourceTree = "<group>"; };
/* End PBXFileReference section */

/* Begin PBXFrameworksBuildPhase section */
		D5AAAAE41B2F1AFD00914C58 /* Frameworks */ = {
			isa = PBXFrameworksBuildPhase;
			buildActionMask = 2147483647;
			files = (
			);
			runOnlyForDeploymentPostprocessing = 0;
		};
/* End PBXFrameworksBuildPhase section */

/* Begin PBXGroup section */
		D5AAAADE1B2F1AFD00914C58 = {
			isa = PBXGroup;
			children = (
				D5AAAAE91B2F1AFD00914C58 /* MasterOpenGL */,
				D5AAAAE81B2F1AFD00914C58 /* Products */,
			);
			sourceTree = "<group>";
		};
		D5AAAAE81B2F1AFD00914C58 /* Products */ = {
			isa = PBXGroup;
			children = (
				D5AAAAE71B2F1AFD00914C58 /* MasterOpenGL01 */,
			);
			name = Products;
			sourceTree = "<group>";
		};
		D5AAAAE91B2F1AFD00914C58 /* MasterOpenGL */ = {
			isa = PBXGroup;
			children = (
				D5AAAAEA1B2F1AFD00914C58 /* MasterOpenGL01.cpp */,
			);
			path = MasterOpenGL;
			sourceTree = "<group>";
		};
/* End PBXGroup section */

/* Begin PBXNativeTarget section */
		D5AAAAE61B2F1AFD00914C58 /* MasterOpenGL01 */ = {
			isa = PBXNativeTarget;
			buildConfigurationList = D5AAAAEE1B2F1AFD00914C58 /* Build configuration list for PBXNativeTarget "MasterOpenGL01" */;
			buildPhases = (
				D5AAAAE31B2F1AFD00914C58 /* Sources */,
				D5AAAAE41B2F1AFD00914C58 /* Frameworks */,
				D5AAAAE51B2F1AFD00914C58 /* CopyFiles */,
			);
			buildRules = (
			);
			dependencies = (
			);
			name = MasterOpenGL01;
			productName = MasterOpenGL;
			productReference = D5AAAAE71B2F1AFD00914C58 /* MasterOpenGL01 */;
			productType = "com.apple.product-type.tool";
		};
/* End PBXNativeTarget section */

/* Begin PBXProject section */
		D5AAAADF1B2F1AFD00914C58 /* Project object */ = {
			isa = PBXProject;
			attributes = {
				LastUpgradeCheck = 0630;
				ORGANIZATIONNAME = "Peter Young";
				TargetAttributes = {
					D5AAAAE61B2F1AFD00914C58 = {
						CreatedOnToolsVersion = 6.3.2;
					};
				};
			};
			buildConfigurationList = D5AAAAE21B2F1AFD00914C58 /* Build configuration list for PBXProject "MasterOpenGL" */;
			compatibilityVersion = "Xcode 3.2";
			developmentRegion = English;
			hasScannedForEncodings = 0;
			knownRegions = (
				en,
			);
			mainGroup = D5AAAADE1B2F1AFD00914C58;
			productRefGroup = D5AAAAE81B2F1AFD00914C58 /* Products */;
			projectDirPath = "";
			projectRoot = "";
			targets = (
				D5AAAAE61B2F1AFD00914C58 /* MasterOpenGL01 */,
			);
		};
/* End PBXProject section */

/* Begin PBXSourcesBuildPhase section */
		D5AAAAE31B2F1AFD00914C58 /* Sources */ = {
			isa = PBXSourcesBuildPhase;
			buildActionMask = 2147483647;
			files = (
				D5AAAAEB1B2F1AFD00914C58 /* MasterOpenGL01.cpp in Sources */,
			);
			runOnlyForDeploymentPostprocessing = 0;
		};
/* End PBXSourcesBuildPhase section */

/* Begin XCBuildConfiguration section */
		D5AAAAEC1B2F1AFD00914C58 /* Debug */ = {
			isa = XCBuildConfiguration;
			buildSettings = {
				ALWAYS_SEARCH_USER_PATHS = NO;
				CLANG_CXX_LANGUAGE_STANDARD = "gnu++0x";
				CLANG_CXX_LIBRARY = "libc++";
				CLANG_ENABLE_MODULES = YES;
				CLANG_ENABLE_OBJC_ARC = YES;
				CLANG_WARN_BOOL_CONVERSION = YES;
				CLANG_WARN_CONSTANT_CONVERSION = YES;
				CLANG_WARN_DIRECT_OBJC_ISA_USAGE = YES_ERROR;
				CLANG_WARN_EMPTY_BODY = YES;
				CLANG_WARN_ENUM_CONVERSION = YES;
				CLANG_WARN_INT_CONVERSION = YES;
				CLANG_WARN_OBJC_ROOT_CLASS = YES_ERROR;
				CLANG_WARN_UNREACHABLE_CODE = YES;
				CLANG_WARN__DUPLICATE_METHOD_MATCH = YES;
				COPY_PHASE_STRIP = NO;
				DEBUG_INFORMATION_FORMAT = dwarf;
				ENABLE_STRICT_OBJC_MSGSEND = YES;
				GCC_C_LANGUAGE_STANDARD = gnu99;
				GCC_DYNAMIC_NO_PIC = NO;
				GCC_NO_COMMON_BLOCKS = YES;
				GCC_OPTIMIZATION_LEVEL = 0;
				GCC_PREPROCESSOR_DEFINITIONS = (
					"DEBUG=1",
					"$(inherited)",
				);
				GCC_SYMBOLS_PRIVATE_EXTERN = NO;
				GCC_WARN_64_TO_32_BIT_CONVERSION = YES;
				GCC_WARN_ABOUT_RETURN_TYPE = YES_ERROR;
				GCC_WARN_UNDECLARED_SELECTOR = YES;
				GCC_WARN_UNINITIALIZED_AUTOS = YES_AGGRESSIVE;
				GCC_WARN_UNUSED_FUNCTION = YES;
				GCC_WARN_UNUSED_VARIABLE = YES;
				MACOSX_DEPLOYMENT_TARGET = 10.11;
				MTL_ENABLE_DEBUG_INFO = YES;
				ONLY_ACTIVE_ARCH = YES;
				SDKROOT = macosx;
			};
			name = Debug;
		};
		D5AAAAED1B2F1AFD00914C58 /* Release */ = {
			isa = XCBuildConfiguration;
			buildSettings = {
				ALWAYS_SEARCH_USER_PATHS = NO;
				CLANG_CXX_LANGUAGE_STANDARD = "gnu++0x";
				CLANG_CXX_LIBRARY = "libc++";
				CLANG_ENABLE_MODULES = YES;
				CLANG_ENABLE_OBJC_ARC = YES;
				CLANG_WARN_BOOL_CONVERSION = YES;
				CLANG_WARN_CONSTANT_CONVERSION = YES;
				CLANG_WARN_DIRECT_OBJC_ISA_USAGE = YES_ERROR;
				CLANG_WARN_EMPTY_BODY = YES;
				CLANG_WARN_ENUM_CONVERSION = YES;
				CLANG_WARN_INT_CONVERSION = YES;
				CLANG_WARN_OBJC_ROOT_CLASS = YES_ERROR;
				CLANG_WARN_UNREACHABLE_CODE = YES;
				CLANG_WARN__DUPLICATE_METHOD_MATCH = YES;
				COPY_PHASE_STRIP = NO;
				DEBUG_INFORMATION_FORMAT = "dwarf-with-dsym";
				ENABLE_NS_ASSERTIONS = NO;
				ENABLE_STRICT_OBJC_MSGSEND = YES;
				GCC_C_LANGUAGE_STANDARD = gnu99;
				GCC_NO_COMMON_BLOCKS = YES;
				GCC_WARN_64_TO_32_BIT_CONVERSION = YES;
				GCC_WARN_ABOUT_RETURN_TYPE = YES_ERROR;
				GCC_WARN_UNDECLARED_SELECTOR = YES;
				GCC_WARN_UNINITIALIZED_AUTOS = YES_AGGRESSIVE;
				GCC_WARN_UNUSED_FUNCTION = YES;
				GCC_WARN_UNUSED_VARIABLE = YES;
				MACOSX_DEPLOYMENT_TARGET = 10.11;
				MTL_ENABLE_DEBUG_INFO = NO;
				SDKROOT = macosx;
			};
			name = Release;
		};
		D5AAAAEF1B2F1AFD00914C58 /* Debug */ = {
			isa = XCBuildConfiguration;
			buildSettings = {
				PRODUCT_NAME = "$(TARGET_NAME)";
			};
			name = Debug;
		};
		D5AAAAF01B2F1AFD00914C58 /* Release */ = {
			isa = XCBuildConfiguration;
			buildSettings = {
				PRODUCT_NAME = "$(TARGET_NAME)";
			};
			name = Release;
		};
/* End XCBuildConfiguration section */

/* Begin XCConfigurationList section */
		D5AAAAE21B2F1AFD00914C58 /* Build configuration list for PBXProject "MasterOpenGL" */ = {
			isa = XCConfigurationList;
			buildConfigurations = (
				D5AAAAEC1B2F1AFD00914C58 /* Debug */,
				D5AAAAED1B2F1AFD00914C58 /* Release */,
			);
			defaultConfigurationIsVisible = 0;
			defaultConfigurationName = Release;
		};
		D5AAAAEE1B2F1AFD00914C58 /* Build configuration list for PBXNativeTarget "MasterOpenGL01" */ = {
			isa = XCConfigurationList;
			buildConfigurations = (
				D5AAAAEF1B2F1AFD00914C58 /* Debug */,
				D5AAAAF01B2F1AFD00914C58 /* Release */,
			);
			defaultConfigurationIsVisible = 0;
			defaultConfigurationName = Release;
		};
/* End XCConfigurationList section */
	};
	rootObject = D5AAAADF1B2F1AFD00914C58 /* Project object */;
}
